{
  "version": 4,
  "terraform_version": "1.6.4",
  "serial": 4,
  "lineage": "f9ff6411-7a96-b386-2a60-5465672fa57b",
  "outputs": {},
  "resources": [
    {
      "mode": "managed",
      "type": "aws_iam_user",
      "name": "test",
      "provider": "provider[\"registry.terraform.io/hashicorp/aws\"]",
      "instances": [
        {
          "index_key": "admin1",
          "schema_version": 0,
          "attributes": {
            "arn": "arn:aws:iam::964674229867:user/admin1",
            "force_destroy": false,
            "id": "admin1",
            "name": "admin1",
            "path": "/",
            "permissions_boundary": "",
            "tags": null,
            "tags_all": {},
            "unique_id": "AIDA6BGYQSZVQJXFC7QLP"
          },
          "sensitive_attributes": [],
          "private": "bnVsbA=="
        },
        {
          "index_key": "demo-user",
          "schema_version": 0,
          "attributes": {
            "arn": "arn:aws:iam::964674229867:user/demo-user",
            "force_destroy": false,
            "id": "demo-user",
            "name": "demo-user",
            "path": "/",
            "permissions_boundary": "",
            "tags": null,
            "tags_all": {},
            "unique_id": "AIDA6BGYQSZVTDG2M3O4P"
          },
          "sensitive_attributes": [],
          "private": "bnVsbA=="
        },
        {
          "index_key": "john",
          "schema_version": 0,
          "attributes": {
            "arn": "arn:aws:iam::964674229867:user/john",
            "force_destroy": false,
            "id": "john",
            "name": "john",
            "path": "/",
            "permissions_boundary": "",
            "tags": null,
            "tags_all": {},
            "unique_id": "AIDA6BGYQSZVZZI5YKDUI"
          },
          "sensitive_attributes": [],
          "private": "bnVsbA=="
        }
      ]
    }
  ],
  "check_results": null
}
